
Microsoft Visual Studio Solution File, Format Version 12.00
# Visual Studio Version 16
VisualStudioVersion = 16.0.30709.64
MinimumVisualStudioVersion = 15.0.26124.0
Project("{2150E333-8FDC-42A3-9474-1A3956D46DE8}") = "src", "src", "{5736AC2D-9B4B-4176-8B5D-6B1B64198949}"
EndProject
Project("{9A19103F-16F7-4668-BE54-9A1E7A4F7556}") = "SmartMonitoring.Domain", "src\SmartMonitoring.Domain\SmartMonitoring.Domain.csproj", "{5CE9EFE6-8DF0-4FFD-9CB6-6B3AED470121}"
EndProject
Project("{2150E333-8FDC-42A3-9474-1A3956D46DE8}") = "tests", "tests", "{0A25D177-3BD4-43D2-82DB-A4B190C9D0CA}"
EndProject
Project("{9A19103F-16F7-4668-BE54-9A1E7A4F7556}") = "SmartMonitoring.Domain.Tests", "tests\SmartMonitoring.Domain.Tests\SmartMonitoring.Domain.Tests.csproj", "{AEEBE8F7-C074-4A3C-9C6F-F3322E1996AA}"
EndProject
Project("{9A19103F-16F7-4668-BE54-9A1E7A4F7556}") = "SmartMonitoring.Business", "src\SmartMonitoring.Business\SmartMonitoring.Business.csproj", "{E8ECA3F4-4BB7-491B-9207-DC05D17FDCC7}"
EndProject
Project("{9A19103F-16F7-4668-BE54-9A1E7A4F7556}") = "SmartMonitoring.Business.Tests", "tests\SmartMonitoring.Business.Tests\SmartMonitoring.Business.Tests.csproj", "{E2C2A8D2-8DB7-4F08-A457-E603A3099BD6}"
EndProject
Project("{9A19103F-16F7-4668-BE54-9A1E7A4F7556}") = "SmartMonitoring.MemoryDatabase", "src\SmartMonitoring.MemoryDatabase\SmartMonitoring.MemoryDatabase.csproj", "{7D98329B-AD95-4F8B-90B4-258BDBD28BAD}"
EndProject
Project("{9A19103F-16F7-4668-BE54-9A1E7A4F7556}") = "SmartMonitoring.MemoryDatabase.Tests", "tests\SmartMonitoring.MemoryDatabase.Tests\SmartMonitoring.MemoryDatabase.Tests.csproj", "{CAB734D1-4512-4868-A160-23BB50D0FD1F}"
EndProject
Project("{9A19103F-16F7-4668-BE54-9A1E7A4F7556}") = "SmartMonitoring.API", "src\SmartMonitoring.API\SmartMonitoring.API.csproj", "{30DF875C-F8F2-4DB6-B68F-DE08EE125794}"
EndProject
Global
	GlobalSection(SolutionConfigurationPlatforms) = preSolution
		Debug|Any CPU = Debug|Any CPU
		Debug|x64 = Debug|x64
		Debug|x86 = Debug|x86
		Release|Any CPU = Release|Any CPU
		Release|x64 = Release|x64
		Release|x86 = Release|x86
	EndGlobalSection
	GlobalSection(ProjectConfigurationPlatforms) = postSolution
		{5CE9EFE6-8DF0-4FFD-9CB6-6B3AED470121}.Debug|Any CPU.ActiveCfg = Debug|Any CPU
		{5CE9EFE6-8DF0-4FFD-9CB6-6B3AED470121}.Debug|Any CPU.Build.0 = Debug|Any CPU
		{5CE9EFE6-8DF0-4FFD-9CB6-6B3AED470121}.Debug|x64.ActiveCfg = Debug|Any CPU
		{5CE9EFE6-8DF0-4FFD-9CB6-6B3AED470121}.Debug|x64.Build.0 = Debug|Any CPU
		{5CE9EFE6-8DF0-4FFD-9CB6-6B3AED470121}.Debug|x86.ActiveCfg = Debug|Any CPU
		{5CE9EFE6-8DF0-4FFD-9CB6-6B3AED470121}.Debug|x86.Build.0 = Debug|Any CPU
		{5CE9EFE6-8DF0-4FFD-9CB6-6B3AED470121}.Release|Any CPU.ActiveCfg = Release|Any CPU
		{5CE9EFE6-8DF0-4FFD-9CB6-6B3AED470121}.Release|Any CPU.Build.0 = Release|Any CPU
		{5CE9EFE6-8DF0-4FFD-9CB6-6B3AED470121}.Release|x64.ActiveCfg = Release|Any CPU
		{5CE9EFE6-8DF0-4FFD-9CB6-6B3AED470121}.Release|x64.Build.0 = Release|Any CPU
		{5CE9EFE6-8DF0-4FFD-9CB6-6B3AED470121}.Release|x86.ActiveCfg = Release|Any CPU
		{5CE9EFE6-8DF0-4FFD-9CB6-6B3AED470121}.Release|x86.Build.0 = Release|Any CPU
		{AEEBE8F7-C074-4A3C-9C6F-F3322E1996AA}.Debug|Any CPU.ActiveCfg = Debug|Any CPU
		{AEEBE8F7-C074-4A3C-9C6F-F3322E1996AA}.Debug|Any CPU.Build.0 = Debug|Any CPU
		{AEEBE8F7-C074-4A3C-9C6F-F3322E1996AA}.Debug|x64.ActiveCfg = Debug|Any CPU
		{AEEBE8F7-C074-4A3C-9C6F-F3322E1996AA}.Debug|x64.Build.0 = Debug|Any CPU
		{AEEBE8F7-C074-4A3C-9C6F-F3322E1996AA}.Debug|x86.ActiveCfg = Debug|Any CPU
		{AEEBE8F7-C074-4A3C-9C6F-F3322E1996AA}.Debug|x86.Build.0 = Debug|Any CPU
		{AEEBE8F7-C074-4A3C-9C6F-F3322E1996AA}.Release|Any CPU.ActiveCfg = Release|Any CPU
		{AEEBE8F7-C074-4A3C-9C6F-F3322E1996AA}.Release|Any CPU.Build.0 = Release|Any CPU
		{AEEBE8F7-C074-4A3C-9C6F-F3322E1996AA}.Release|x64.ActiveCfg = Release|Any CPU
		{AEEBE8F7-C074-4A3C-9C6F-F3322E1996AA}.Release|x64.Build.0 = Release|Any CPU
		{AEEBE8F7-C074-4A3C-9C6F-F3322E1996AA}.Release|x86.ActiveCfg = Release|Any CPU
		{AEEBE8F7-C074-4A3C-9C6F-F3322E1996AA}.Release|x86.Build.0 = Release|Any CPU
		{E8ECA3F4-4BB7-491B-9207-DC05D17FDCC7}.Debug|Any CPU.ActiveCfg = Debug|Any CPU
		{E8ECA3F4-4BB7-491B-9207-DC05D17FDCC7}.Debug|Any CPU.Build.0 = Debug|Any CPU
		{E8ECA3F4-4BB7-491B-9207-DC05D17FDCC7}.Debug|x64.ActiveCfg = Debug|Any CPU
		{E8ECA3F4-4BB7-491B-9207-DC05D17FDCC7}.Debug|x64.Build.0 = Debug|Any CPU
		{E8ECA3F4-4BB7-491B-9207-DC05D17FDCC7}.Debug|x86.ActiveCfg = Debug|Any CPU
		{E8ECA3F4-4BB7-491B-9207-DC05D17FDCC7}.Debug|x86.Build.0 = Debug|Any CPU
		{E8ECA3F4-4BB7-491B-9207-DC05D17FDCC7}.Release|Any CPU.ActiveCfg = Release|Any CPU
		{E8ECA3F4-4BB7-491B-9207-DC05D17FDCC7}.Release|Any CPU.Build.0 = Release|Any CPU
		{E8ECA3F4-4BB7-491B-9207-DC05D17FDCC7}.Release|x64.ActiveCfg = Release|Any CPU
		{E8ECA3F4-4BB7-491B-9207-DC05D17FDCC7}.Release|x64.Build.0 = Release|Any CPU
		{E8ECA3F4-4BB7-491B-9207-DC05D17FDCC7}.Release|x86.ActiveCfg = Release|Any CPU
		{E8ECA3F4-4BB7-491B-9207-DC05D17FDCC7}.Release|x86.Build.0 = Release|Any CPU
		{E2C2A8D2-8DB7-4F08-A457-E603A3099BD6}.Debug|Any CPU.ActiveCfg = Debug|Any CPU
		{E2C2A8D2-8DB7-4F08-A457-E603A3099BD6}.Debug|Any CPU.Build.0 = Debug|Any CPU
		{E2C2A8D2-8DB7-4F08-A457-E603A3099BD6}.Debug|x64.ActiveCfg = Debug|Any CPU
		{E2C2A8D2-8DB7-4F08-A457-E603A3099BD6}.Debug|x64.Build.0 = Debug|Any CPU
		{E2C2A8D2-8DB7-4F08-A457-E603A3099BD6}.Debug|x86.ActiveCfg = Debug|Any CPU
		{E2C2A8D2-8DB7-4F08-A457-E603A3099BD6}.Debug|x86.Build.0 = Debug|Any CPU
		{E2C2A8D2-8DB7-4F08-A457-E603A3099BD6}.Release|Any CPU.ActiveCfg = Release|Any CPU
		{E2C2A8D2-8DB7-4F08-A457-E603A3099BD6}.Release|Any CPU.Build.0 = Release|Any CPU
		{E2C2A8D2-8DB7-4F08-A457-E603A3099BD6}.Release|x64.ActiveCfg = Release|Any CPU
		{E2C2A8D2-8DB7-4F08-A457-E603A3099BD6}.Release|x64.Build.0 = Release|Any CPU
		{E2C2A8D2-8DB7-4F08-A457-E603A3099BD6}.Release|x86.ActiveCfg = Release|Any CPU
		{E2C2A8D2-8DB7-4F08-A457-E603A3099BD6}.Release|x86.Build.0 = Release|Any CPU
		{7D98329B-AD95-4F8B-90B4-258BDBD28BAD}.Debug|Any CPU.ActiveCfg = Debug|Any CPU
		{7D98329B-AD95-4F8B-90B4-258BDBD28BAD}.Debug|Any CPU.Build.0 = Debug|Any CPU
		{7D98329B-AD95-4F8B-90B4-258BDBD28BAD}.Debug|x64.ActiveCfg = Debug|Any CPU
		{7D98329B-AD95-4F8B-90B4-258BDBD28BAD}.Debug|x64.Build.0 = Debug|Any CPU
		{7D98329B-AD95-4F8B-90B4-258BDBD28BAD}.Debug|x86.ActiveCfg = Debug|Any CPU
		{7D98329B-AD95-4F8B-90B4-258BDBD28BAD}.Debug|x86.Build.0 = Debug|Any CPU
		{7D98329B-AD95-4F8B-90B4-258BDBD28BAD}.Release|Any CPU.ActiveCfg = Release|Any CPU
		{7D98329B-AD95-4F8B-90B4-258BDBD28BAD}.Release|Any CPU.Build.0 = Release|Any CPU
		{7D98329B-AD95-4F8B-90B4-258BDBD28BAD}.Release|x64.ActiveCfg = Release|Any CPU
		{7D98329B-AD95-4F8B-90B4-258BDBD28BAD}.Release|x64.Build.0 = Release|Any CPU
		{7D98329B-AD95-4F8B-90B4-258BDBD28BAD}.Release|x86.ActiveCfg = Release|Any CPU
		{7D98329B-AD95-4F8B-90B4-258BDBD28BAD}.Release|x86.Build.0 = Release|Any CPU
		{CAB734D1-4512-4868-A160-23BB50D0FD1F}.Debug|Any CPU.ActiveCfg = Debug|Any CPU
		{CAB734D1-4512-4868-A160-23BB50D0FD1F}.Debug|Any CPU.Build.0 = Debug|Any CPU
		{CAB734D1-4512-4868-A160-23BB50D0FD1F}.Debug|x64.ActiveCfg = Debug|Any CPU
		{CAB734D1-4512-4868-A160-23BB50D0FD1F}.Debug|x64.Build.0 = Debug|Any CPU
		{CAB734D1-4512-4868-A160-23BB50D0FD1F}.Debug|x86.ActiveCfg = Debug|Any CPU
		{CAB734D1-4512-4868-A160-23BB50D0FD1F}.Debug|x86.Build.0 = Debug|Any CPU
		{CAB734D1-4512-4868-A160-23BB50D0FD1F}.Release|Any CPU.ActiveCfg = Release|Any CPU
		{CAB734D1-4512-4868-A160-23BB50D0FD1F}.Release|Any CPU.Build.0 = Release|Any CPU
		{CAB734D1-4512-4868-A160-23BB50D0FD1F}.Release|x64.ActiveCfg = Release|Any CPU
		{CAB734D1-4512-4868-A160-23BB50D0FD1F}.Release|x64.Build.0 = Release|Any CPU
		{CAB734D1-4512-4868-A160-23BB50D0FD1F}.Release|x86.ActiveCfg = Release|Any CPU
		{CAB734D1-4512-4868-A160-23BB50D0FD1F}.Release|x86.Build.0 = Release|Any CPU
		{30DF875C-F8F2-4DB6-B68F-DE08EE125794}.Debug|Any CPU.ActiveCfg = Debug|Any CPU
		{30DF875C-F8F2-4DB6-B68F-DE08EE125794}.Debug|Any CPU.Build.0 = Debug|Any CPU
		{30DF875C-F8F2-4DB6-B68F-DE08EE125794}.Debug|x64.ActiveCfg = Debug|Any CPU
		{30DF875C-F8F2-4DB6-B68F-DE08EE125794}.Debug|x64.Build.0 = Debug|Any CPU
		{30DF875C-F8F2-4DB6-B68F-DE08EE125794}.Debug|x86.ActiveCfg = Debug|Any CPU
		{30DF875C-F8F2-4DB6-B68F-DE08EE125794}.Debug|x86.Build.0 = Debug|Any CPU
		{30DF875C-F8F2-4DB6-B68F-DE08EE125794}.Release|Any CPU.ActiveCfg = Release|Any CPU
		{30DF875C-F8F2-4DB6-B68F-DE08EE125794}.Release|Any CPU.Build.0 = Release|Any CPU
		{30DF875C-F8F2-4DB6-B68F-DE08EE125794}.Release|x64.ActiveCfg = Release|Any CPU
		{30DF875C-F8F2-4DB6-B68F-DE08EE125794}.Release|x64.Build.0 = Release|Any CPU
		{30DF875C-F8F2-4DB6-B68F-DE08EE125794}.Release|x86.ActiveCfg = Release|Any CPU
		{30DF875C-F8F2-4DB6-B68F-DE08EE125794}.Release|x86.Build.0 = Release|Any CPU
	EndGlobalSection
	GlobalSection(SolutionProperties) = preSolution
		HideSolutionNode = FALSE
	EndGlobalSection
	GlobalSection(NestedProjects) = preSolution
		{5CE9EFE6-8DF0-4FFD-9CB6-6B3AED470121} = {5736AC2D-9B4B-4176-8B5D-6B1B64198949}
		{AEEBE8F7-C074-4A3C-9C6F-F3322E1996AA} = {0A25D177-3BD4-43D2-82DB-A4B190C9D0CA}
		{E8ECA3F4-4BB7-491B-9207-DC05D17FDCC7} = {5736AC2D-9B4B-4176-8B5D-6B1B64198949}
		{E2C2A8D2-8DB7-4F08-A457-E603A3099BD6} = {0A25D177-3BD4-43D2-82DB-A4B190C9D0CA}
		{7D98329B-AD95-4F8B-90B4-258BDBD28BAD} = {5736AC2D-9B4B-4176-8B5D-6B1B64198949}
		{CAB734D1-4512-4868-A160-23BB50D0FD1F} = {0A25D177-3BD4-43D2-82DB-A4B190C9D0CA}
		{30DF875C-F8F2-4DB6-B68F-DE08EE125794} = {5736AC2D-9B4B-4176-8B5D-6B1B64198949}
	EndGlobalSection
	GlobalSection(ExtensibilityGlobals) = postSolution
		SolutionGuid = {7F2CAE85-8140-4A59-9A8C-0FF0503984DB}
	EndGlobalSection
EndGlobal
